// !$*UTF8*$!
{
	archiveVersion = 1;
	classes = {
	};
	objectVersion = 46;
	objects = {

/* Begin PBXBuildFile section */
		3BFF63031CDC85CC000E8AA0 /* UUID.h in CopyFiles */ = {isa = PBXBuildFile; fileRef = 3BFF63021CDC85CC000E8AA0 /* UUID.h */; };
		3BFF63051CDC85CC000E8AA0 /* UUID.m in Sources */ = {isa = PBXBuildFile; fileRef = 3BFF63041CDC85CC000E8AA0 /* UUID.m */; };
		3BFF63151CDC86CD000E8AA0 /* Keychain.m in Sources */ = {isa = PBXBuildFile; fileRef = 3BFF63121CDC86CD000E8AA0 /* Keychain.m */; };
/* End PBXBuildFile section */

/* Begin PBXCopyFilesBuildPhase section */
		3BFF62FD1CDC85CC000E8AA0 /* CopyFiles */ = {
			isa = PBXCopyFilesBuildPhase;
			buildActionMask = 2147483647;
			dstPath = "include/$(PRODUCT_NAME)";
			dstSubfolderSpec = 16;
			files = (
				3BFF63031CDC85CC000E8AA0 /* UUID.h in CopyFiles */,
			);
			runOnlyForDeploymentPostprocessing = 0;
		};
/* End PBXCopyFilesBuildPhase section */

/* Begin PBXFileReference section */
		3BFF62FF1CDC85CC000E8AA0 /* libUUID.a */ = {isa = PBXFileReference; explicitFileType = archive.ar; includeInIndex = 0; path = libUUID.a; sourceTree = BUILT_PRODUCTS_DIR; };
		3BFF63021CDC85CC000E8AA0 /* UUID.h */ = {isa = PBXFileReference; lastKnownFileType = sourcecode.c.h; path = UUID.h; sourceTree = "<group>"; };
		3BFF63041CDC85CC000E8AA0 /* UUID.m */ = {isa = PBXFileReference; lastKnownFileType = sourcecode.c.objc; path = UUID.m; sourceTree = "<group>"; };
		3BFF63111CDC86CD000E8AA0 /* Keychain.h */ = {isa = PBXFileReference; fileEncoding = 4; lastKnownFileType = sourcecode.c.h; path = Keychain.h; sourceTree = "<group>"; };
		3BFF63121CDC86CD000E8AA0 /* Keychain.m */ = {isa = PBXFileReference; fileEncoding = 4; lastKnownFileType = sourcecode.c.objc; path = Keychain.m; sourceTree = "<group>"; };
/* End PBXFileReference section */

/* Begin PBXFrameworksBuildPhase section */
		3BFF62FC1CDC85CC000E8AA0 /* Frameworks */ = {
			isa = PBXFrameworksBuildPhase;
			buildActionMask = 2147483647;
			files = (
			);
			runOnlyForDeploymentPostprocessing = 0;
		};
/* End PBXFrameworksBuildPhase section */

/* Begin PBXGroup section */
		3BFF62F61CDC85CC000E8AA0 = {
			isa = PBXGroup;
			children = (
				3BFF63011CDC85CC000E8AA0 /* UUID */,
				3BFF63001CDC85CC000E8AA0 /* Products */,
			);
			sourceTree = "<group>";
		};
		3BFF63001CDC85CC000E8AA0 /* Products */ = {
			isa = PBXGroup;
			children = (
				3BFF62FF1CDC85CC000E8AA0 /* libUUID.a */,
			);
			name = Products;
			sourceTree = "<group>";
		};
		3BFF63011CDC85CC000E8AA0 /* UUID */ = {
			isa = PBXGroup;
			children = (
				3BFF63111CDC86CD000E8AA0 /* Keychain.h */,
				3BFF63121CDC86CD000E8AA0 /* Keychain.m */,
				3BFF63021CDC85CC000E8AA0 /* UUID.h */,
				3BFF63041CDC85CC000E8AA0 /* UUID.m */,
			);
			path = UUID;
			sourceTree = "<group>";
		};
/* End PBXGroup section */

/* Begin PBXNativeTarget section */
		3BFF62FE1CDC85CC000E8AA0 /* UUID */ = {
			isa = PBXNativeTarget;
			buildConfigurationList = 3BFF63081CDC85CC000E8AA0 /* Build configuration list for PBXNativeTarget "UUID" */;
			buildPhases = (
				3BFF62FB1CDC85CC000E8AA0 /* Sources */,
				3BFF62FC1CDC85CC000E8AA0 /* Frameworks */,
				3BFF62FD1CDC85CC000E8AA0 /* CopyFiles */,
			);
			buildRules = (
			);
			dependencies = (
			);
			name = UUID;
			productName = UUID;
			productReference = 3BFF62FF1CDC85CC000E8AA0 /* libUUID.a */;
			productType = "com.apple.product-type.library.static";
		};
/* End PBXNativeTarget section */

/* Begin PBXProject section */
		3BFF62F71CDC85CC000E8AA0 /* Project object */ = {
			isa = PBXProject;
			attributes = {
				LastUpgradeCheck = 0720;
				ORGANIZATIONNAME = "Frontend Team";
				TargetAttributes = {
					3BFF62FE1CDC85CC000E8AA0 = {
						CreatedOnToolsVersion = 7.2;
					};
				};
			};
			buildConfigurationList = 3BFF62FA1CDC85CC000E8AA0 /* Build configuration list for PBXProject "UUID" */;
			compatibilityVersion = "Xcode 3.2";
			developmentRegion = English;
			hasScannedForEncodings = 0;
			knownRegions = (
				en,
			);
			mainGroup = 3BFF62F61CDC85CC000E8AA0;
			productRefGroup = 3BFF63001CDC85CC000E8AA0 /* Products */;
			projectDirPath = "";
			projectRoot = "";
			targets = (
				3BFF62FE1CDC85CC000E8AA0 /* UUID */,
			);
		};
/* End PBXProject section */

/* Begin PBXSourcesBuildPhase section */
		3BFF62FB1CDC85CC000E8AA0 /* Sources */ = {
			isa = PBXSourcesBuildPhase;
			buildActionMask = 2147483647;
			files = (
				3BFF63051CDC85CC000E8AA0 /* UUID.m in Sources */,
				3BFF63151CDC86CD000E8AA0 /* Keychain.m in Sources */,
			);
			runOnlyForDeploymentPostprocessing = 0;
		};
/* End PBXSourcesBuildPhase section */

/* Begin XCBuildConfiguration section */
		3BFF63061CDC85CC000E8AA0 /* Debug */ = {
			isa = XCBuildConfiguration;
			buildSettings = {
				ALWAYS_SEARCH_USER_PATHS = NO;
				CLANG_CXX_LANGUAGE_STANDARD = "gnu++0x";
				CLANG_CXX_LIBRARY = "libc++";
				CLANG_ENABLE_MODULES = YES;
				CLANG_ENABLE_OBJC_ARC = YES;
				CLANG_WARN_BOOL_CONVERSION = YES;
				CLANG_WARN_CONSTANT_CONVERSION = YES;
				CLANG_WARN_DIRECT_OBJC_ISA_USAGE = YES_ERROR;
				CLANG_WARN_EMPTY_BODY = YES;
				CLANG_WARN_ENUM_CONVERSION = YES;
				CLANG_WARN_INT_CONVERSION = YES;
				CLANG_WARN_OBJC_ROOT_CLASS = YES_ERROR;
				CLANG_WARN_UNREACHABLE_CODE = YES;
				CLANG_WARN__DUPLICATE_METHOD_MATCH = YES;
				"CODE_SIGN_IDENTITY[sdk=iphoneos*]" = "iPhone Developer";
				COPY_PHASE_STRIP = NO;
				DEBUG_INFORMATION_FORMAT = dwarf;
				ENABLE_STRICT_OBJC_MSGSEND = YES;
				ENABLE_TESTABILITY = YES;
				GCC_C_LANGUAGE_STANDARD = gnu99;
				GCC_DYNAMIC_NO_PIC = NO;
				GCC_NO_COMMON_BLOCKS = YES;
				GCC_OPTIMIZATION_LEVEL = 0;
				GCC_PREPROCESSOR_DEFINITIONS = (
					"DEBUG=1",
					"$(inherited)",
				);
				GCC_WARN_64_TO_32_BIT_CONVERSION = YES;
				GCC_WARN_ABOUT_RETURN_TYPE = YES_ERROR;
				GCC_WARN_UNDECLARED_SELECTOR = YES;
				GCC_WARN_UNINITIALIZED_AUTOS = YES_AGGRESSIVE;
				GCC_WARN_UNUSED_FUNCTION = YES;
				GCC_WARN_UNUSED_VARIABLE = YES;
				HEADER_SEARCH_PATHS = "$(SRCROOT)/../../../../node_modules/react-native/React/**";
				IPHONEOS_DEPLOYMENT_TARGET = 9.2;
				MTL_ENABLE_DEBUG_INFO = YES;
				ONLY_ACTIVE_ARCH = NO;
				SDKROOT = iphoneos;
			};
			name = Debug;
		};
		3BFF63071CDC85CC000E8AA0 /* Release */ = {
			isa = XCBuildConfiguration;
			buildSettings = {
				ALWAYS_SEARCH_USER_PATHS = NO;
				CLANG_CXX_LANGUAGE_STANDARD = "gnu++0x";
				CLANG_CXX_LIBRARY = "libc++";
				CLANG_ENABLE_MODULES = YES;
				CLANG_ENABLE_OBJC_ARC = YES;
				CLANG_WARN_BOOL_CONVERSION = YES;
				CLANG_WARN_CONSTANT_CONVERSION = YES;
				CLANG_WARN_DIRECT_OBJC_ISA_USAGE = YES_ERROR;
				CLANG_WARN_EMPTY_BODY = YES;
				CLANG_WARN_ENUM_CONVERSION = YES;
				CLANG_WARN_INT_CONVERSION = YES;
				CLANG_WARN_OBJC_ROOT_CLASS = YES_ERROR;
				CLANG_WARN_UNREACHABLE_CODE = YES;
				CLANG_WARN__DUPLICATE_METHOD_MATCH = YES;
				"CODE_SIGN_IDENTITY[sdk=iphoneos*]" = "iPhone Developer";
				COPY_PHASE_STRIP = NO;
				DEBUG_INFORMATION_FORMAT = "dwarf-with-dsym";
				ENABLE_NS_ASSERTIONS = NO;
				ENABLE_STRICT_OBJC_MSGSEND = YES;
				GCC_C_LANGUAGE_STANDARD = gnu99;
				GCC_NO_COMMON_BLOCKS = YES;
				GCC_WARN_64_TO_32_BIT_CONVERSION = YES;
				GCC_WARN_ABOUT_RETURN_TYPE = YES_ERROR;
				GCC_WARN_UNDECLARED_SELECTOR = YES;
				GCC_WARN_UNINITIALIZED_AUTOS = YES_AGGRESSIVE;
				GCC_WARN_UNUSED_FUNCTION = YES;
				GCC_WARN_UNUSED_VARIABLE = YES;
				HEADER_SEARCH_PATHS = "$(SRCROOT)/../../../../node_modules/react-native/React/**";
				IPHONEOS_DEPLOYMENT_TARGET = 9.2;
				MTL_ENABLE_DEBUG_INFO = NO;
				ONLY_ACTIVE_ARCH = NO;
				SDKROOT = iphoneos;
				VALIDATE_PRODUCT = YES;
			};
			name = Release;
		};
		3BFF63091CDC85CC000E8AA0 /* Debug */ = {
			isa = XCBuildConfiguration;
			buildSettings = {
				HEADER_SEARCH_PATHS = "$(SRCROOT)/../../../../../node_modules/react-native/React/**";
				ONLY_ACTIVE_ARCH = NO;
				OTHER_LDFLAGS = "-ObjC";
				PRODUCT_NAME = "$(TARGET_NAME)";
				SKIP_INSTALL = YES;
			};
			name = Debug;
		};
		3BFF630A1CDC85CC000E8AA0 /* Release */ = {
			isa = XCBuildConfiguration;
			buildSettings = {
				HEADER_SEARCH_PATHS = "$(SRCROOT)/../../../../../node_modules/react-native/React/**";
				ONLY_ACTIVE_ARCH = NO;
				OTHER_LDFLAGS = "-ObjC";
				PRODUCT_NAME = "$(TARGET_NAME)";
				SKIP_INSTALL = YES;
			};
			name = Release;
		};
/* End XCBuildConfiguration section */

/* Begin XCConfigurationList section */
		3BFF62FA1CDC85CC000E8AA0 /* Build configuration list for PBXProject "UUID" */ = {
			isa = XCConfigurationList;
			buildConfigurations = (
				3BFF63061CDC85CC000E8AA0 /* Debug */,
				3BFF63071CDC85CC000E8AA0 /* Release */,
			);
			defaultConfigurationIsVisible = 0;
			defaultConfigurationName = Release;
		};
		3BFF63081CDC85CC000E8AA0 /* Build configuration list for PBXNativeTarget "UUID" */ = {
			isa = XCConfigurationList;
			buildConfigurations = (
				3BFF63091CDC85CC000E8AA0 /* Debug */,
				3BFF630A1CDC85CC000E8AA0 /* Release */,
			);
			defaultConfigurationIsVisible = 0;
			defaultConfigurationName = Release;
		};
/* End XCConfigurationList section */
	};
	rootObject = 3BFF62F71CDC85CC000E8AA0 /* Project object */;
}
