// !$*UTF8*$!
{
	archiveVersion = 1;
	classes = {
	};
	objectVersion = 46;
	objects = {

/* Begin PBXBuildFile section */
		549169631CBCE9FA0063C273 /* GeTui.h in CopyFiles */ = {isa = PBXBuildFile; fileRef = 549169621CBCE9FA0063C273 /* GeTui.h */; };
		549169651CBCE9FA0063C273 /* GeTui.m in Sources */ = {isa = PBXBuildFile; fileRef = 549169641CBCE9FA0063C273 /* GeTui.m */; };
/* End PBXBuildFile section */

/* Begin PBXCopyFilesBuildPhase section */
		5491695D1CBCE9FA0063C273 /* CopyFiles */ = {
			isa = PBXCopyFilesBuildPhase;
			buildActionMask = 2147483647;
			dstPath = "include/$(PRODUCT_NAME)";
			dstSubfolderSpec = 16;
			files = (
				549169631CBCE9FA0063C273 /* GeTui.h in CopyFiles */,
			);
			runOnlyForDeploymentPostprocessing = 0;
		};
/* End PBXCopyFilesBuildPhase section */

/* Begin PBXFileReference section */
		5491695F1CBCE9FA0063C273 /* libGeTui.a */ = {isa = PBXFileReference; explicitFileType = archive.ar; includeInIndex = 0; path = libGeTui.a; sourceTree = BUILT_PRODUCTS_DIR; };
		549169621CBCE9FA0063C273 /* GeTui.h */ = {isa = PBXFileReference; lastKnownFileType = sourcecode.c.h; path = GeTui.h; sourceTree = "<group>"; };
		549169641CBCE9FA0063C273 /* GeTui.m */ = {isa = PBXFileReference; lastKnownFileType = sourcecode.c.objc; path = GeTui.m; sourceTree = "<group>"; };
/* End PBXFileReference section */

/* Begin PBXFrameworksBuildPhase section */
		5491695C1CBCE9FA0063C273 /* Frameworks */ = {
			isa = PBXFrameworksBuildPhase;
			buildActionMask = 2147483647;
			files = (
			);
			runOnlyForDeploymentPostprocessing = 0;
		};
/* End PBXFrameworksBuildPhase section */

/* Begin PBXGroup section */
		549169561CBCE9FA0063C273 = {
			isa = PBXGroup;
			children = (
				549169611CBCE9FA0063C273 /* GeTui */,
				549169601CBCE9FA0063C273 /* Products */,
			);
			sourceTree = "<group>";
		};
		549169601CBCE9FA0063C273 /* Products */ = {
			isa = PBXGroup;
			children = (
				5491695F1CBCE9FA0063C273 /* libGeTui.a */,
			);
			name = Products;
			sourceTree = "<group>";
		};
		549169611CBCE9FA0063C273 /* GeTui */ = {
			isa = PBXGroup;
			children = (
				549169621CBCE9FA0063C273 /* GeTui.h */,
				549169641CBCE9FA0063C273 /* GeTui.m */,
			);
			path = GeTui;
			sourceTree = "<group>";
		};
/* End PBXGroup section */

/* Begin PBXNativeTarget section */
		5491695E1CBCE9FA0063C273 /* GeTui */ = {
			isa = PBXNativeTarget;
			buildConfigurationList = 549169681CBCE9FA0063C273 /* Build configuration list for PBXNativeTarget "GeTui" */;
			buildPhases = (
				5491695B1CBCE9FA0063C273 /* Sources */,
				5491695C1CBCE9FA0063C273 /* Frameworks */,
				5491695D1CBCE9FA0063C273 /* CopyFiles */,
			);
			buildRules = (
			);
			dependencies = (
			);
			name = GeTui;
			productName = GeTui;
			productReference = 5491695F1CBCE9FA0063C273 /* libGeTui.a */;
			productType = "com.apple.product-type.library.static";
		};
/* End PBXNativeTarget section */

/* Begin PBXProject section */
		549169571CBCE9FA0063C273 /* Project object */ = {
			isa = PBXProject;
			attributes = {
				LastUpgradeCheck = 0730;
				ORGANIZATIONNAME = fy360;
				TargetAttributes = {
					5491695E1CBCE9FA0063C273 = {
						CreatedOnToolsVersion = 7.3;
					};
				};
			};
			buildConfigurationList = 5491695A1CBCE9FA0063C273 /* Build configuration list for PBXProject "GeTui" */;
			compatibilityVersion = "Xcode 3.2";
			developmentRegion = English;
			hasScannedForEncodings = 0;
			knownRegions = (
				en,
			);
			mainGroup = 549169561CBCE9FA0063C273;
			productRefGroup = 549169601CBCE9FA0063C273 /* Products */;
			projectDirPath = "";
			projectRoot = "";
			targets = (
				5491695E1CBCE9FA0063C273 /* GeTui */,
			);
		};
/* End PBXProject section */

/* Begin PBXSourcesBuildPhase section */
		5491695B1CBCE9FA0063C273 /* Sources */ = {
			isa = PBXSourcesBuildPhase;
			buildActionMask = 2147483647;
			files = (
				549169651CBCE9FA0063C273 /* GeTui.m in Sources */,
			);
			runOnlyForDeploymentPostprocessing = 0;
		};
/* End PBXSourcesBuildPhase section */

/* Begin XCBuildConfiguration section */
		549169661CBCE9FA0063C273 /* Debug */ = {
			isa = XCBuildConfiguration;
			buildSettings = {
				ALWAYS_SEARCH_USER_PATHS = NO;
				CLANG_ANALYZER_NONNULL = YES;
				CLANG_CXX_LANGUAGE_STANDARD = "gnu++0x";
				CLANG_CXX_LIBRARY = "libc++";
				CLANG_ENABLE_MODULES = YES;
				CLANG_ENABLE_OBJC_ARC = YES;
				CLANG_WARN_BOOL_CONVERSION = YES;
				CLANG_WARN_CONSTANT_CONVERSION = YES;
				CLANG_WARN_DIRECT_OBJC_ISA_USAGE = YES_ERROR;
				CLANG_WARN_EMPTY_BODY = YES;
				CLANG_WARN_ENUM_CONVERSION = YES;
				CLANG_WARN_INT_CONVERSION = YES;
				CLANG_WARN_OBJC_ROOT_CLASS = YES_ERROR;
				CLANG_WARN_UNREACHABLE_CODE = YES;
				CLANG_WARN__DUPLICATE_METHOD_MATCH = YES;
				"CODE_SIGN_IDENTITY[sdk=iphoneos*]" = "iPhone Developer";
				COPY_PHASE_STRIP = NO;
				DEBUG_INFORMATION_FORMAT = dwarf;
				ENABLE_STRICT_OBJC_MSGSEND = YES;
				ENABLE_TESTABILITY = YES;
				GCC_C_LANGUAGE_STANDARD = gnu99;
				GCC_DYNAMIC_NO_PIC = NO;
				GCC_NO_COMMON_BLOCKS = YES;
				GCC_OPTIMIZATION_LEVEL = 0;
				GCC_PREPROCESSOR_DEFINITIONS = (
					"DEBUG=1",
					"$(inherited)",
				);
				GCC_WARN_64_TO_32_BIT_CONVERSION = YES;
				GCC_WARN_ABOUT_RETURN_TYPE = YES_ERROR;
				GCC_WARN_UNDECLARED_SELECTOR = YES;
				GCC_WARN_UNINITIALIZED_AUTOS = YES_AGGRESSIVE;
				GCC_WARN_UNUSED_FUNCTION = YES;
				GCC_WARN_UNUSED_VARIABLE = YES;
				IPHONEOS_DEPLOYMENT_TARGET = 9.3;
				MTL_ENABLE_DEBUG_INFO = YES;
				ONLY_ACTIVE_ARCH = NO;
				SDKROOT = iphoneos;
			};
			name = Debug;
		};
		549169671CBCE9FA0063C273 /* Release */ = {
			isa = XCBuildConfiguration;
			buildSettings = {
				ALWAYS_SEARCH_USER_PATHS = NO;
				CLANG_ANALYZER_NONNULL = YES;
				CLANG_CXX_LANGUAGE_STANDARD = "gnu++0x";
				CLANG_CXX_LIBRARY = "libc++";
				CLANG_ENABLE_MODULES = YES;
				CLANG_ENABLE_OBJC_ARC = YES;
				CLANG_WARN_BOOL_CONVERSION = YES;
				CLANG_WARN_CONSTANT_CONVERSION = YES;
				CLANG_WARN_DIRECT_OBJC_ISA_USAGE = YES_ERROR;
				CLANG_WARN_EMPTY_BODY = YES;
				CLANG_WARN_ENUM_CONVERSION = YES;
				CLANG_WARN_INT_CONVERSION = YES;
				CLANG_WARN_OBJC_ROOT_CLASS = YES_ERROR;
				CLANG_WARN_UNREACHABLE_CODE = YES;
				CLANG_WARN__DUPLICATE_METHOD_MATCH = YES;
				"CODE_SIGN_IDENTITY[sdk=iphoneos*]" = "iPhone Developer";
				COPY_PHASE_STRIP = NO;
				DEBUG_INFORMATION_FORMAT = "dwarf-with-dsym";
				ENABLE_NS_ASSERTIONS = NO;
				ENABLE_STRICT_OBJC_MSGSEND = YES;
				GCC_C_LANGUAGE_STANDARD = gnu99;
				GCC_NO_COMMON_BLOCKS = YES;
				GCC_WARN_64_TO_32_BIT_CONVERSION = YES;
				GCC_WARN_ABOUT_RETURN_TYPE = YES_ERROR;
				GCC_WARN_UNDECLARED_SELECTOR = YES;
				GCC_WARN_UNINITIALIZED_AUTOS = YES_AGGRESSIVE;
				GCC_WARN_UNUSED_FUNCTION = YES;
				GCC_WARN_UNUSED_VARIABLE = YES;
				IPHONEOS_DEPLOYMENT_TARGET = 9.3;
				MTL_ENABLE_DEBUG_INFO = NO;
				ONLY_ACTIVE_ARCH = NO;
				SDKROOT = iphoneos;
				VALIDATE_PRODUCT = YES;
			};
			name = Release;
		};
		549169691CBCE9FA0063C273 /* Debug */ = {
			isa = XCBuildConfiguration;
			buildSettings = {
				HEADER_SEARCH_PATHS = (
					"$(inherited)",
					"$(SRCROOT)/node_modules/react-native/React/**",
					"$(SRCROOT)/../react-native/React/**",
					"$(SRCROOT)/../../../node_modules/react-native/React/**",
					"$(SRCROOT)/../../React/**",
					"$(SRCROOT)/../../../../../node_modules/react-native/React/**",
					"~/Documents/FacebookSDK/**",
				);
				OTHER_LDFLAGS = "-ObjC";
				PRODUCT_NAME = "$(TARGET_NAME)";
				SKIP_INSTALL = YES;
			};
			name = Debug;
		};
		5491696A1CBCE9FA0063C273 /* Release */ = {
			isa = XCBuildConfiguration;
			buildSettings = {
				HEADER_SEARCH_PATHS = (
					"$(inherited)",
					"$(SRCROOT)/node_modules/react-native/React/**",
					"$(SRCROOT)/../react-native/React/**",
					"$(SRCROOT)/../../../node_modules/react-native/React/**",
					"$(SRCROOT)/../../React/**",
					"$(SRCROOT)/../../../../../node_modules/react-native/React/**",
					"~/Documents/FacebookSDK/**",
				);
				OTHER_LDFLAGS = "-ObjC";
				PRODUCT_NAME = "$(TARGET_NAME)";
				SKIP_INSTALL = YES;
			};
			name = Release;
		};
/* End XCBuildConfiguration section */

/* Begin XCConfigurationList section */
		5491695A1CBCE9FA0063C273 /* Build configuration list for PBXProject "GeTui" */ = {
			isa = XCConfigurationList;
			buildConfigurations = (
				549169661CBCE9FA0063C273 /* Debug */,
				549169671CBCE9FA0063C273 /* Release */,
			);
			defaultConfigurationIsVisible = 0;
			defaultConfigurationName = Release;
		};
		549169681CBCE9FA0063C273 /* Build configuration list for PBXNativeTarget "GeTui" */ = {
			isa = XCConfigurationList;
			buildConfigurations = (
				549169691CBCE9FA0063C273 /* Debug */,
				5491696A1CBCE9FA0063C273 /* Release */,
			);
			defaultConfigurationIsVisible = 0;
			defaultConfigurationName = Release;
		};
/* End XCConfigurationList section */
	};
	rootObject = 549169571CBCE9FA0063C273 /* Project object */;
}
